
Microsoft Visual Studio Solution File, Format Version 12.00
# Visual Studio Version 16
VisualStudioVersion = 16.0.29424.173
MinimumVisualStudioVersion = 10.0.40219.1
Project("{FAE04EC0-301F-11D3-BF4B-00C04F79EFBC}") = "Bakery", "Bakery.csproj", "{8E3E0851-086B-4B3E-8BFA-DBDE0B4B2890}"
EndProject
Global
	GlobalSection(SolutionConfigurationPlatforms) = preSolution
		Debug|Any CPU = Debug|Any CPU
		Release|Any CPU = Release|Any CPU
	EndGlobalSection
	GlobalSection(ProjectConfigurationPlatforms) = postSolution
		{8E3E0851-086B-4B3E-8BFA-DBDE0B4B2890}.Debug|Any CPU.ActiveCfg = Debug|Any CPU
		{8E3E0851-086B-4B3E-8BFA-DBDE0B4B2890}.Debug|Any CPU.Build.0 = Debug|Any CPU
		{8E3E0851-086B-4B3E-8BFA-DBDE0B4B2890}.Release|Any CPU.ActiveCfg = Release|Any CPU
		{8E3E0851-086B-4B3E-8BFA-DBDE0B4B2890}.Release|Any CPU.Build.0 = Release|Any CPU
	EndGlobalSection
	GlobalSection(SolutionProperties) = preSolution
		HideSolutionNode = FALSE
	EndGlobalSection
	GlobalSection(ExtensibilityGlobals) = postSolution
		SolutionGuid = {374B0770-A288-4EEA-AB58-8CFF80541348}
	EndGlobalSection
EndGlobal
